
Microsoft Visual Studio Solution File, Format Version 12.00
# Visual Studio Version 17
VisualStudioVersion = 17.9.34723.18
MinimumVisualStudioVersion = 10.0.40219.1
Project("{FAE04EC0-301F-11D3-BF4B-00C04F79EFBC}") = "Assembly-CSharp", "Assembly-CSharp.csproj", "{A241776F-D00A-9769-D96D-D76CF5A14818}"
EndProject
Project("{FAE04EC0-301F-11D3-BF4B-00C04F79EFBC}") = "Assembly-CSharp-Editor", "Assembly-CSharp-Editor.csproj", "{00A1EDC3-4C80-AA13-3BC0-BB64BD0E14ED}"
EndProject
Global
	GlobalSection(SolutionConfigurationPlatforms) = preSolution
		Debug|Any CPU = Debug|Any CPU
		Release|Any CPU = Release|Any CPU
	EndGlobalSection
	GlobalSection(ProjectConfigurationPlatforms) = postSolution
		{A241776F-D00A-9769-D96D-D76CF5A14818}.Debug|Any CPU.ActiveCfg = Debug|Any CPU
		{A241776F-D00A-9769-D96D-D76CF5A14818}.Debug|Any CPU.Build.0 = Debug|Any CPU
		{A241776F-D00A-9769-D96D-D76CF5A14818}.Release|Any CPU.ActiveCfg = Release|Any CPU
		{A241776F-D00A-9769-D96D-D76CF5A14818}.Release|Any CPU.Build.0 = Release|Any CPU
		{00A1EDC3-4C80-AA13-3BC0-BB64BD0E14ED}.Debug|Any CPU.ActiveCfg = Debug|Any CPU
		{00A1EDC3-4C80-AA13-3BC0-BB64BD0E14ED}.Debug|Any CPU.Build.0 = Debug|Any CPU
		{00A1EDC3-4C80-AA13-3BC0-BB64BD0E14ED}.Release|Any CPU.ActiveCfg = Release|Any CPU
		{00A1EDC3-4C80-AA13-3BC0-BB64BD0E14ED}.Release|Any CPU.Build.0 = Release|Any CPU
	EndGlobalSection
	GlobalSection(SolutionProperties) = preSolution
		HideSolutionNode = FALSE
	EndGlobalSection
	GlobalSection(ExtensibilityGlobals) = postSolution
		SolutionGuid = {21D890F8-2E60-45D3-AB3C-42EE7C82C7DA}
	EndGlobalSection
EndGlobal
